{
  "name": "renderer",
  "version": "1.0.0",
  "lockfileVersion": 3,
  "requires": true,
  "packages": {
    "": {
      "name": "renderer",
      "version": "1.0.0",
      "license": "ISC",
      "dependencies": {
        "data-pixels": "^1.0.3"
      }
    },
    "node_modules/data-pixels": {
      "version": "1.0.3",
      "resolved": "https://registry.npmjs.org/data-pixels/-/data-pixels-1.0.3.tgz",
      "integrity": "sha512-6bd6tK3HC+GuZ0gCsjWn4ReZEkitW64q1EEThUNtl0mOLzarMJUZYEVeJKS7ke7nnuEMY/Xlz3dNnrf8LnPATw==",
      "license": "MIT"
    }
  }
}
